
Microsoft Visual Studio Solution File, Format Version 12.00
# Visual Studio Version 17
VisualStudioVersion = 17.3.32825.248
MinimumVisualStudioVersion = 10.0.40219.1
Project("{FAE04EC0-301F-11D3-BF4B-00C04F79EFBC}") = "Maiboroda 4.1 Var 3", "Maiboroda 4.1 Var 3\Maiboroda 4.1 Var 3.csproj", "{339D64EF-6DF5-47BB-86EF-3B6F5E260FCB}"
EndProject
Global
	GlobalSection(SolutionConfigurationPlatforms) = preSolution
		Debug|Any CPU = Debug|Any CPU
		Release|Any CPU = Release|Any CPU
	EndGlobalSection
	GlobalSection(ProjectConfigurationPlatforms) = postSolution
		{339D64EF-6DF5-47BB-86EF-3B6F5E260FCB}.Debug|Any CPU.ActiveCfg = Debug|Any CPU
		{339D64EF-6DF5-47BB-86EF-3B6F5E260FCB}.Debug|Any CPU.Build.0 = Debug|Any CPU
		{339D64EF-6DF5-47BB-86EF-3B6F5E260FCB}.Release|Any CPU.ActiveCfg = Release|Any CPU
		{339D64EF-6DF5-47BB-86EF-3B6F5E260FCB}.Release|Any CPU.Build.0 = Release|Any CPU
	EndGlobalSection
	GlobalSection(SolutionProperties) = preSolution
		HideSolutionNode = FALSE
	EndGlobalSection
	GlobalSection(ExtensibilityGlobals) = postSolution
		SolutionGuid = {AB654B3A-5566-49F3-8225-1822A37236E6}
	EndGlobalSection
EndGlobal
